
Microsoft Visual Studio Solution File, Format Version 12.00
# Visual Studio 2012
Project("{8BC9CEB8-8B4A-11D0-8D11-00A0C91BC942}") = "GenesisLoaderWP", "GenesisLoaderWP\GenesisLoaderWP.vcxproj", "{CCD5006A-C866-4F3E-962E-6788C48C7C74}"
EndProject
Project("{2150E333-8FDC-42A3-9474-1A3956D46DE8}") = "1.Depends", "1.Depends", "{818C8F8A-A777-4C17-813F-05298F5B2EB3}"
EndProject
Project("{2150E333-8FDC-42A3-9474-1A3956D46DE8}") = "project-cpp", "project-cpp", "{C2151BCE-39BC-4F3D-A626-98DF7D68A290}"
EndProject
Project("{8BC9CEB8-8B4A-11D0-8D11-00A0C91BC942}") = "esUtil_phone", "third_party\angleproject\samples\gles2_book\Common\esUtil_phone.vcxproj", "{D2D857BF-346E-4014-B9CF-50D5E1F8A357}"
EndProject
Project("{8BC9CEB8-8B4A-11D0-8D11-00A0C91BC942}") = "libEGL_phone", "third_party\angleproject\src\libEGL\libEGL_phone.vcxproj", "{AB42A170-E370-4707-8CC6-1C51349C146F}"
EndProject
Project("{8BC9CEB8-8B4A-11D0-8D11-00A0C91BC942}") = "libGLESv2_phone", "third_party\angleproject\src\libGLESv2\libGLESv2_phone.vcxproj", "{0592F9C3-D727-4D41-BC9E-E43B269AD877}"
EndProject
Project("{8BC9CEB8-8B4A-11D0-8D11-00A0C91BC942}") = "preprocessor_phone", "third_party\angleproject\src\compiler\preprocessor\preprocessor_phone.vcxproj", "{8B1820BF-48E1-4308-B529-3E58E7FAFC6F}"
EndProject
Project("{8BC9CEB8-8B4A-11D0-8D11-00A0C91BC942}") = "translator_common_phone", "third_party\angleproject\src\compiler\translator_common_phone.vcxproj", "{4206A313-D487-461D-9462-BCD7127A7ECC}"
EndProject
Project("{8BC9CEB8-8B4A-11D0-8D11-00A0C91BC942}") = "translator_hlsl_phone", "third_party\angleproject\src\compiler\translator_hlsl_phone.vcxproj", "{500B47DF-7711-4FF3-B63E-14508A00F979}"
EndProject
Project("{2150E333-8FDC-42A3-9474-1A3956D46DE8}") = "angleproject", "angleproject", "{B6776C37-B786-4A15-975B-4C9B4ED2163F}"
EndProject
Project("{2150E333-8FDC-42A3-9474-1A3956D46DE8}") = "2.Foundation", "2.Foundation", "{D8D06EE7-EA35-40E7-B18C-2C777D752B06}"
EndProject
Project("{8BC9CEB8-8B4A-11D0-8D11-00A0C91BC942}") = "Foundation", "Foundation\Foundation.vcxproj", "{E64666AC-C4BF-4921-8F1D-5F08D105ADF4}"
EndProject
Project("{8BC9CEB8-8B4A-11D0-8D11-00A0C91BC942}") = "RenderSystem", "RenderSystem\RenderSystem.vcxproj", "{08F26A1C-4E3F-4729-AF02-055B821164B2}"
EndProject
Global
	GlobalSection(SolutionConfigurationPlatforms) = preSolution
		Debug|ARM = Debug|ARM
		Debug|Win32 = Debug|Win32
		Profile_Debug|ARM = Profile_Debug|ARM
		Profile_Debug|Win32 = Profile_Debug|Win32
		Profile_Release|ARM = Profile_Release|ARM
		Profile_Release|Win32 = Profile_Release|Win32
		Release|ARM = Release|ARM
		Release|Win32 = Release|Win32
	EndGlobalSection
	GlobalSection(ProjectConfigurationPlatforms) = postSolution
		{CCD5006A-C866-4F3E-962E-6788C48C7C74}.Debug|ARM.ActiveCfg = Debug|ARM
		{CCD5006A-C866-4F3E-962E-6788C48C7C74}.Debug|ARM.Build.0 = Debug|ARM
		{CCD5006A-C866-4F3E-962E-6788C48C7C74}.Debug|ARM.Deploy.0 = Debug|ARM
		{CCD5006A-C866-4F3E-962E-6788C48C7C74}.Debug|Win32.ActiveCfg = Debug|Win32
		{CCD5006A-C866-4F3E-962E-6788C48C7C74}.Debug|Win32.Build.0 = Debug|Win32
		{CCD5006A-C866-4F3E-962E-6788C48C7C74}.Debug|Win32.Deploy.0 = Debug|Win32
		{CCD5006A-C866-4F3E-962E-6788C48C7C74}.Profile_Debug|ARM.ActiveCfg = Debug|ARM
		{CCD5006A-C866-4F3E-962E-6788C48C7C74}.Profile_Debug|ARM.Build.0 = Debug|ARM
		{CCD5006A-C866-4F3E-962E-6788C48C7C74}.Profile_Debug|ARM.Deploy.0 = Debug|ARM
		{CCD5006A-C866-4F3E-962E-6788C48C7C74}.Profile_Debug|Win32.ActiveCfg = Debug|Win32
		{CCD5006A-C866-4F3E-962E-6788C48C7C74}.Profile_Debug|Win32.Build.0 = Debug|Win32
		{CCD5006A-C866-4F3E-962E-6788C48C7C74}.Profile_Debug|Win32.Deploy.0 = Debug|Win32
		{CCD5006A-C866-4F3E-962E-6788C48C7C74}.Profile_Release|ARM.ActiveCfg = Release|ARM
		{CCD5006A-C866-4F3E-962E-6788C48C7C74}.Profile_Release|ARM.Build.0 = Release|ARM
		{CCD5006A-C866-4F3E-962E-6788C48C7C74}.Profile_Release|ARM.Deploy.0 = Release|ARM
		{CCD5006A-C866-4F3E-962E-6788C48C7C74}.Profile_Release|Win32.ActiveCfg = Release|Win32
		{CCD5006A-C866-4F3E-962E-6788C48C7C74}.Profile_Release|Win32.Build.0 = Release|Win32
		{CCD5006A-C866-4F3E-962E-6788C48C7C74}.Profile_Release|Win32.Deploy.0 = Release|Win32
		{CCD5006A-C866-4F3E-962E-6788C48C7C74}.Release|ARM.ActiveCfg = Release|ARM
		{CCD5006A-C866-4F3E-962E-6788C48C7C74}.Release|ARM.Build.0 = Release|ARM
		{CCD5006A-C866-4F3E-962E-6788C48C7C74}.Release|ARM.Deploy.0 = Release|ARM
		{CCD5006A-C866-4F3E-962E-6788C48C7C74}.Release|Win32.ActiveCfg = Release|Win32
		{CCD5006A-C866-4F3E-962E-6788C48C7C74}.Release|Win32.Build.0 = Release|Win32
		{CCD5006A-C866-4F3E-962E-6788C48C7C74}.Release|Win32.Deploy.0 = Release|Win32
		{D2D857BF-346E-4014-B9CF-50D5E1F8A357}.Debug|ARM.ActiveCfg = Debug|ARM
		{D2D857BF-346E-4014-B9CF-50D5E1F8A357}.Debug|ARM.Build.0 = Debug|ARM
		{D2D857BF-346E-4014-B9CF-50D5E1F8A357}.Debug|Win32.ActiveCfg = Debug|Win32
		{D2D857BF-346E-4014-B9CF-50D5E1F8A357}.Debug|Win32.Build.0 = Debug|Win32
		{D2D857BF-346E-4014-B9CF-50D5E1F8A357}.Profile_Debug|ARM.ActiveCfg = Debug|ARM
		{D2D857BF-346E-4014-B9CF-50D5E1F8A357}.Profile_Debug|ARM.Build.0 = Debug|ARM
		{D2D857BF-346E-4014-B9CF-50D5E1F8A357}.Profile_Debug|Win32.ActiveCfg = Debug|Win32
		{D2D857BF-346E-4014-B9CF-50D5E1F8A357}.Profile_Debug|Win32.Build.0 = Debug|Win32
		{D2D857BF-346E-4014-B9CF-50D5E1F8A357}.Profile_Release|ARM.ActiveCfg = Release|ARM
		{D2D857BF-346E-4014-B9CF-50D5E1F8A357}.Profile_Release|ARM.Build.0 = Release|ARM
		{D2D857BF-346E-4014-B9CF-50D5E1F8A357}.Profile_Release|Win32.ActiveCfg = Release|Win32
		{D2D857BF-346E-4014-B9CF-50D5E1F8A357}.Profile_Release|Win32.Build.0 = Release|Win32
		{D2D857BF-346E-4014-B9CF-50D5E1F8A357}.Release|ARM.ActiveCfg = Release|ARM
		{D2D857BF-346E-4014-B9CF-50D5E1F8A357}.Release|ARM.Build.0 = Release|ARM
		{D2D857BF-346E-4014-B9CF-50D5E1F8A357}.Release|Win32.ActiveCfg = Release|Win32
		{D2D857BF-346E-4014-B9CF-50D5E1F8A357}.Release|Win32.Build.0 = Release|Win32
		{AB42A170-E370-4707-8CC6-1C51349C146F}.Debug|ARM.ActiveCfg = Debug|ARM
		{AB42A170-E370-4707-8CC6-1C51349C146F}.Debug|ARM.Build.0 = Debug|ARM
		{AB42A170-E370-4707-8CC6-1C51349C146F}.Debug|Win32.ActiveCfg = Debug|Win32
		{AB42A170-E370-4707-8CC6-1C51349C146F}.Debug|Win32.Build.0 = Debug|Win32
		{AB42A170-E370-4707-8CC6-1C51349C146F}.Profile_Debug|ARM.ActiveCfg = Debug|ARM
		{AB42A170-E370-4707-8CC6-1C51349C146F}.Profile_Debug|ARM.Build.0 = Debug|ARM
		{AB42A170-E370-4707-8CC6-1C51349C146F}.Profile_Debug|Win32.ActiveCfg = Debug|Win32
		{AB42A170-E370-4707-8CC6-1C51349C146F}.Profile_Debug|Win32.Build.0 = Debug|Win32
		{AB42A170-E370-4707-8CC6-1C51349C146F}.Profile_Release|ARM.ActiveCfg = Release|ARM
		{AB42A170-E370-4707-8CC6-1C51349C146F}.Profile_Release|ARM.Build.0 = Release|ARM
		{AB42A170-E370-4707-8CC6-1C51349C146F}.Profile_Release|Win32.ActiveCfg = Release|Win32
		{AB42A170-E370-4707-8CC6-1C51349C146F}.Profile_Release|Win32.Build.0 = Release|Win32
		{AB42A170-E370-4707-8CC6-1C51349C146F}.Release|ARM.ActiveCfg = Release|ARM
		{AB42A170-E370-4707-8CC6-1C51349C146F}.Release|ARM.Build.0 = Release|ARM
		{AB42A170-E370-4707-8CC6-1C51349C146F}.Release|Win32.ActiveCfg = Release|Win32
		{AB42A170-E370-4707-8CC6-1C51349C146F}.Release|Win32.Build.0 = Release|Win32
		{0592F9C3-D727-4D41-BC9E-E43B269AD877}.Debug|ARM.ActiveCfg = Debug|ARM
		{0592F9C3-D727-4D41-BC9E-E43B269AD877}.Debug|ARM.Build.0 = Debug|ARM
		{0592F9C3-D727-4D41-BC9E-E43B269AD877}.Debug|Win32.ActiveCfg = Debug|Win32
		{0592F9C3-D727-4D41-BC9E-E43B269AD877}.Debug|Win32.Build.0 = Debug|Win32
		{0592F9C3-D727-4D41-BC9E-E43B269AD877}.Profile_Debug|ARM.ActiveCfg = Debug|ARM
		{0592F9C3-D727-4D41-BC9E-E43B269AD877}.Profile_Debug|ARM.Build.0 = Debug|ARM
		{0592F9C3-D727-4D41-BC9E-E43B269AD877}.Profile_Debug|Win32.ActiveCfg = Debug|Win32
		{0592F9C3-D727-4D41-BC9E-E43B269AD877}.Profile_Debug|Win32.Build.0 = Debug|Win32
		{0592F9C3-D727-4D41-BC9E-E43B269AD877}.Profile_Release|ARM.ActiveCfg = Release|ARM
		{0592F9C3-D727-4D41-BC9E-E43B269AD877}.Profile_Release|ARM.Build.0 = Release|ARM
		{0592F9C3-D727-4D41-BC9E-E43B269AD877}.Profile_Release|Win32.ActiveCfg = Release|Win32
		{0592F9C3-D727-4D41-BC9E-E43B269AD877}.Profile_Release|Win32.Build.0 = Release|Win32
		{0592F9C3-D727-4D41-BC9E-E43B269AD877}.Release|ARM.ActiveCfg = Release|ARM
		{0592F9C3-D727-4D41-BC9E-E43B269AD877}.Release|ARM.Build.0 = Release|ARM
		{0592F9C3-D727-4D41-BC9E-E43B269AD877}.Release|Win32.ActiveCfg = Release|Win32
		{0592F9C3-D727-4D41-BC9E-E43B269AD877}.Release|Win32.Build.0 = Release|Win32
		{8B1820BF-48E1-4308-B529-3E58E7FAFC6F}.Debug|ARM.ActiveCfg = Debug|ARM
		{8B1820BF-48E1-4308-B529-3E58E7FAFC6F}.Debug|ARM.Build.0 = Debug|ARM
		{8B1820BF-48E1-4308-B529-3E58E7FAFC6F}.Debug|Win32.ActiveCfg = Debug|Win32
		{8B1820BF-48E1-4308-B529-3E58E7FAFC6F}.Debug|Win32.Build.0 = Debug|Win32
		{8B1820BF-48E1-4308-B529-3E58E7FAFC6F}.Profile_Debug|ARM.ActiveCfg = Debug|ARM
		{8B1820BF-48E1-4308-B529-3E58E7FAFC6F}.Profile_Debug|ARM.Build.0 = Debug|ARM
		{8B1820BF-48E1-4308-B529-3E58E7FAFC6F}.Profile_Debug|Win32.ActiveCfg = Debug|Win32
		{8B1820BF-48E1-4308-B529-3E58E7FAFC6F}.Profile_Debug|Win32.Build.0 = Debug|Win32
		{8B1820BF-48E1-4308-B529-3E58E7FAFC6F}.Profile_Release|ARM.ActiveCfg = Release|ARM
		{8B1820BF-48E1-4308-B529-3E58E7FAFC6F}.Profile_Release|ARM.Build.0 = Release|ARM
		{8B1820BF-48E1-4308-B529-3E58E7FAFC6F}.Profile_Release|Win32.ActiveCfg = Release|Win32
		{8B1820BF-48E1-4308-B529-3E58E7FAFC6F}.Profile_Release|Win32.Build.0 = Release|Win32
		{8B1820BF-48E1-4308-B529-3E58E7FAFC6F}.Release|ARM.ActiveCfg = Release|ARM
		{8B1820BF-48E1-4308-B529-3E58E7FAFC6F}.Release|ARM.Build.0 = Release|ARM
		{8B1820BF-48E1-4308-B529-3E58E7FAFC6F}.Release|Win32.ActiveCfg = Release|Win32
		{8B1820BF-48E1-4308-B529-3E58E7FAFC6F}.Release|Win32.Build.0 = Release|Win32
		{4206A313-D487-461D-9462-BCD7127A7ECC}.Debug|ARM.ActiveCfg = Debug|ARM
		{4206A313-D487-461D-9462-BCD7127A7ECC}.Debug|ARM.Build.0 = Debug|ARM
		{4206A313-D487-461D-9462-BCD7127A7ECC}.Debug|Win32.ActiveCfg = Debug|Win32
		{4206A313-D487-461D-9462-BCD7127A7ECC}.Debug|Win32.Build.0 = Debug|Win32
		{4206A313-D487-461D-9462-BCD7127A7ECC}.Profile_Debug|ARM.ActiveCfg = Debug|ARM
		{4206A313-D487-461D-9462-BCD7127A7ECC}.Profile_Debug|ARM.Build.0 = Debug|ARM
		{4206A313-D487-461D-9462-BCD7127A7ECC}.Profile_Debug|Win32.ActiveCfg = Debug|Win32
		{4206A313-D487-461D-9462-BCD7127A7ECC}.Profile_Debug|Win32.Build.0 = Debug|Win32
		{4206A313-D487-461D-9462-BCD7127A7ECC}.Profile_Release|ARM.ActiveCfg = Release|ARM
		{4206A313-D487-461D-9462-BCD7127A7ECC}.Profile_Release|ARM.Build.0 = Release|ARM
		{4206A313-D487-461D-9462-BCD7127A7ECC}.Profile_Release|Win32.ActiveCfg = Release|Win32
		{4206A313-D487-461D-9462-BCD7127A7ECC}.Profile_Release|Win32.Build.0 = Release|Win32
		{4206A313-D487-461D-9462-BCD7127A7ECC}.Release|ARM.ActiveCfg = Release|ARM
		{4206A313-D487-461D-9462-BCD7127A7ECC}.Release|ARM.Build.0 = Release|ARM
		{4206A313-D487-461D-9462-BCD7127A7ECC}.Release|Win32.ActiveCfg = Release|Win32
		{4206A313-D487-461D-9462-BCD7127A7ECC}.Release|Win32.Build.0 = Release|Win32
		{500B47DF-7711-4FF3-B63E-14508A00F979}.Debug|ARM.ActiveCfg = Debug|ARM
		{500B47DF-7711-4FF3-B63E-14508A00F979}.Debug|ARM.Build.0 = Debug|ARM
		{500B47DF-7711-4FF3-B63E-14508A00F979}.Debug|Win32.ActiveCfg = Debug|Win32
		{500B47DF-7711-4FF3-B63E-14508A00F979}.Debug|Win32.Build.0 = Debug|Win32
		{500B47DF-7711-4FF3-B63E-14508A00F979}.Profile_Debug|ARM.ActiveCfg = Debug|ARM
		{500B47DF-7711-4FF3-B63E-14508A00F979}.Profile_Debug|ARM.Build.0 = Debug|ARM
		{500B47DF-7711-4FF3-B63E-14508A00F979}.Profile_Debug|Win32.ActiveCfg = Debug|Win32
		{500B47DF-7711-4FF3-B63E-14508A00F979}.Profile_Debug|Win32.Build.0 = Debug|Win32
		{500B47DF-7711-4FF3-B63E-14508A00F979}.Profile_Release|ARM.ActiveCfg = Release|ARM
		{500B47DF-7711-4FF3-B63E-14508A00F979}.Profile_Release|ARM.Build.0 = Release|ARM
		{500B47DF-7711-4FF3-B63E-14508A00F979}.Profile_Release|Win32.ActiveCfg = Release|Win32
		{500B47DF-7711-4FF3-B63E-14508A00F979}.Profile_Release|Win32.Build.0 = Release|Win32
		{500B47DF-7711-4FF3-B63E-14508A00F979}.Release|ARM.ActiveCfg = Release|ARM
		{500B47DF-7711-4FF3-B63E-14508A00F979}.Release|ARM.Build.0 = Release|ARM
		{500B47DF-7711-4FF3-B63E-14508A00F979}.Release|Win32.ActiveCfg = Release|Win32
		{500B47DF-7711-4FF3-B63E-14508A00F979}.Release|Win32.Build.0 = Release|Win32
		{E64666AC-C4BF-4921-8F1D-5F08D105ADF4}.Debug|ARM.ActiveCfg = Debug|ARM
		{E64666AC-C4BF-4921-8F1D-5F08D105ADF4}.Debug|ARM.Build.0 = Debug|ARM
		{E64666AC-C4BF-4921-8F1D-5F08D105ADF4}.Debug|Win32.ActiveCfg = Debug|Win32
		{E64666AC-C4BF-4921-8F1D-5F08D105ADF4}.Debug|Win32.Build.0 = Debug|Win32
		{E64666AC-C4BF-4921-8F1D-5F08D105ADF4}.Profile_Debug|ARM.ActiveCfg = Debug|ARM
		{E64666AC-C4BF-4921-8F1D-5F08D105ADF4}.Profile_Debug|ARM.Build.0 = Debug|ARM
		{E64666AC-C4BF-4921-8F1D-5F08D105ADF4}.Profile_Debug|Win32.ActiveCfg = Debug|Win32
		{E64666AC-C4BF-4921-8F1D-5F08D105ADF4}.Profile_Debug|Win32.Build.0 = Debug|Win32
		{E64666AC-C4BF-4921-8F1D-5F08D105ADF4}.Profile_Release|ARM.ActiveCfg = Release|ARM
		{E64666AC-C4BF-4921-8F1D-5F08D105ADF4}.Profile_Release|ARM.Build.0 = Release|ARM
		{E64666AC-C4BF-4921-8F1D-5F08D105ADF4}.Profile_Release|Win32.ActiveCfg = Release|Win32
		{E64666AC-C4BF-4921-8F1D-5F08D105ADF4}.Profile_Release|Win32.Build.0 = Release|Win32
		{E64666AC-C4BF-4921-8F1D-5F08D105ADF4}.Release|ARM.ActiveCfg = Release|ARM
		{E64666AC-C4BF-4921-8F1D-5F08D105ADF4}.Release|ARM.Build.0 = Release|ARM
		{E64666AC-C4BF-4921-8F1D-5F08D105ADF4}.Release|Win32.ActiveCfg = Release|Win32
		{E64666AC-C4BF-4921-8F1D-5F08D105ADF4}.Release|Win32.Build.0 = Release|Win32
		{08F26A1C-4E3F-4729-AF02-055B821164B2}.Debug|ARM.ActiveCfg = Debug|ARM
		{08F26A1C-4E3F-4729-AF02-055B821164B2}.Debug|ARM.Build.0 = Debug|ARM
		{08F26A1C-4E3F-4729-AF02-055B821164B2}.Debug|Win32.ActiveCfg = Debug|Win32
		{08F26A1C-4E3F-4729-AF02-055B821164B2}.Debug|Win32.Build.0 = Debug|Win32
		{08F26A1C-4E3F-4729-AF02-055B821164B2}.Profile_Debug|ARM.ActiveCfg = Debug|ARM
		{08F26A1C-4E3F-4729-AF02-055B821164B2}.Profile_Debug|ARM.Build.0 = Debug|ARM
		{08F26A1C-4E3F-4729-AF02-055B821164B2}.Profile_Debug|Win32.ActiveCfg = Debug|Win32
		{08F26A1C-4E3F-4729-AF02-055B821164B2}.Profile_Debug|Win32.Build.0 = Debug|Win32
		{08F26A1C-4E3F-4729-AF02-055B821164B2}.Profile_Release|ARM.ActiveCfg = Release|ARM
		{08F26A1C-4E3F-4729-AF02-055B821164B2}.Profile_Release|ARM.Build.0 = Release|ARM
		{08F26A1C-4E3F-4729-AF02-055B821164B2}.Profile_Release|Win32.ActiveCfg = Release|Win32
		{08F26A1C-4E3F-4729-AF02-055B821164B2}.Profile_Release|Win32.Build.0 = Release|Win32
		{08F26A1C-4E3F-4729-AF02-055B821164B2}.Release|ARM.ActiveCfg = Release|ARM
		{08F26A1C-4E3F-4729-AF02-055B821164B2}.Release|ARM.Build.0 = Release|ARM
		{08F26A1C-4E3F-4729-AF02-055B821164B2}.Release|Win32.ActiveCfg = Release|Win32
		{08F26A1C-4E3F-4729-AF02-055B821164B2}.Release|Win32.Build.0 = Release|Win32
	EndGlobalSection
	GlobalSection(SolutionProperties) = preSolution
		HideSolutionNode = FALSE
	EndGlobalSection
	GlobalSection(NestedProjects) = preSolution
		{CCD5006A-C866-4F3E-962E-6788C48C7C74} = {C2151BCE-39BC-4F3D-A626-98DF7D68A290}
		{B6776C37-B786-4A15-975B-4C9B4ED2163F} = {818C8F8A-A777-4C17-813F-05298F5B2EB3}
		{AB42A170-E370-4707-8CC6-1C51349C146F} = {B6776C37-B786-4A15-975B-4C9B4ED2163F}
		{0592F9C3-D727-4D41-BC9E-E43B269AD877} = {B6776C37-B786-4A15-975B-4C9B4ED2163F}
		{8B1820BF-48E1-4308-B529-3E58E7FAFC6F} = {B6776C37-B786-4A15-975B-4C9B4ED2163F}
		{4206A313-D487-461D-9462-BCD7127A7ECC} = {B6776C37-B786-4A15-975B-4C9B4ED2163F}
		{500B47DF-7711-4FF3-B63E-14508A00F979} = {B6776C37-B786-4A15-975B-4C9B4ED2163F}
		{D2D857BF-346E-4014-B9CF-50D5E1F8A357} = {B6776C37-B786-4A15-975B-4C9B4ED2163F}
		{E64666AC-C4BF-4921-8F1D-5F08D105ADF4} = {D8D06EE7-EA35-40E7-B18C-2C777D752B06}
		{08F26A1C-4E3F-4729-AF02-055B821164B2} = {D8D06EE7-EA35-40E7-B18C-2C777D752B06}
	EndGlobalSection
EndGlobal
